
Microsoft Visual Studio Solution File, Format Version 12.00
# Visual Studio 15
VisualStudioVersion = 15.0.28307.421
MinimumVisualStudioVersion = 10.0.40219.1
Project("{FAE04EC0-301F-11D3-BF4B-00C04F79EFBC}") = "WpfHello", "WpfHello.csproj", "{31BE802B-1878-4485-96FC-9F0281A63523}"
EndProject
Global
	GlobalSection(SolutionConfigurationPlatforms) = preSolution
		Debug|Any CPU = Debug|Any CPU
		Release|Any CPU = Release|Any CPU
	EndGlobalSection
	GlobalSection(ProjectConfigurationPlatforms) = postSolution
		{31BE802B-1878-4485-96FC-9F0281A63523}.Debug|Any CPU.ActiveCfg = Debug|Any CPU
		{31BE802B-1878-4485-96FC-9F0281A63523}.Debug|Any CPU.Build.0 = Debug|Any CPU
		{31BE802B-1878-4485-96FC-9F0281A63523}.Release|Any CPU.ActiveCfg = Release|Any CPU
		{31BE802B-1878-4485-96FC-9F0281A63523}.Release|Any CPU.Build.0 = Release|Any CPU
	EndGlobalSection
	GlobalSection(SolutionProperties) = preSolution
		HideSolutionNode = FALSE
	EndGlobalSection
	GlobalSection(ExtensibilityGlobals) = postSolution
		SolutionGuid = {46005ED4-4912-4C28-94CE-1990C4C394F9}
	EndGlobalSection
EndGlobal
