
Microsoft Visual Studio Solution File, Format Version 12.00
# Visual Studio 15
VisualStudioVersion = 15.0.28307.421
MinimumVisualStudioVersion = 10.0.40219.1
Project("{FAE04EC0-301F-11D3-BF4B-00C04F79EFBC}") = "NewClassInitializeHello", "NewClassInitializeHello.csproj", "{DD73F55E-B0C9-4B36-8032-A9E0BBF51367}"
EndProject
Global
	GlobalSection(SolutionConfigurationPlatforms) = preSolution
		Debug|Any CPU = Debug|Any CPU
		Release|Any CPU = Release|Any CPU
	EndGlobalSection
	GlobalSection(ProjectConfigurationPlatforms) = postSolution
		{DD73F55E-B0C9-4B36-8032-A9E0BBF51367}.Debug|Any CPU.ActiveCfg = Debug|Any CPU
		{DD73F55E-B0C9-4B36-8032-A9E0BBF51367}.Debug|Any CPU.Build.0 = Debug|Any CPU
		{DD73F55E-B0C9-4B36-8032-A9E0BBF51367}.Release|Any CPU.ActiveCfg = Release|Any CPU
		{DD73F55E-B0C9-4B36-8032-A9E0BBF51367}.Release|Any CPU.Build.0 = Release|Any CPU
	EndGlobalSection
	GlobalSection(SolutionProperties) = preSolution
		HideSolutionNode = FALSE
	EndGlobalSection
	GlobalSection(ExtensibilityGlobals) = postSolution
		SolutionGuid = {BBADCE1A-7EEB-4CD4-B735-065E85995E5D}
	EndGlobalSection
EndGlobal
